
Microsoft Visual Studio Solution File, Format Version 12.00
# Visual Studio Version 17
VisualStudioVersion = 17.3.32922.545
MinimumVisualStudioVersion = 10.0.40219.1
Project("{FAE04EC0-301F-11D3-BF4B-00C04F79EFBC}") = "MyWebShop", "MyWebShop\MyWebShop.csproj", "{8722B776-B787-4C35-8119-A509E31F6B0E}"
EndProject
Global
	GlobalSection(SolutionConfigurationPlatforms) = preSolution
		Debug|Any CPU = Debug|Any CPU
		Release|Any CPU = Release|Any CPU
	EndGlobalSection
	GlobalSection(ProjectConfigurationPlatforms) = postSolution
		{8722B776-B787-4C35-8119-A509E31F6B0E}.Debug|Any CPU.ActiveCfg = Debug|Any CPU
		{8722B776-B787-4C35-8119-A509E31F6B0E}.Debug|Any CPU.Build.0 = Debug|Any CPU
		{8722B776-B787-4C35-8119-A509E31F6B0E}.Release|Any CPU.ActiveCfg = Release|Any CPU
		{8722B776-B787-4C35-8119-A509E31F6B0E}.Release|Any CPU.Build.0 = Release|Any CPU
	EndGlobalSection
	GlobalSection(SolutionProperties) = preSolution
		HideSolutionNode = FALSE
	EndGlobalSection
	GlobalSection(ExtensibilityGlobals) = postSolution
		SolutionGuid = {E00B9C9A-9C39-43F8-92BC-A017B6CAC9D5}
	EndGlobalSection
EndGlobal
